{
  "originHash" : "8aeb8a14aa1597fb9a67a6939ce2ea8988823def16de0ff7f65dd770eadd5a11",
  "pins" : [
    {
      "identity" : "libhangul-swift",
      "kind" : "remoteSourceControl",
      "location" : "https://github.com/Meapri/libhangul-swift",
      "state" : {
        "branch" : "main",
        "revision" : "49bf04e6519d5e2eef2ef6ed1a1666b3049c6738"
      }
    }
  ],
  "version" : 3
}
