{
  "originHash" : "df3315ec31d531a4f9db4237a9a9d2459259cf15d05ca3a3848d20e9dc25b62f",
  "pins" : [
    {
      "identity" : "libhangul-swift",
      "kind" : "remoteSourceControl",
      "location" : "https://github.com/Meapri/libhangul-swift",
      "state" : {
        "branch" : "main",
        "revision" : "70d465d8e95e98b9eea1a547892e84cd757241af"
      }
    }
  ],
  "version" : 3
}
