{
  "originHash" : "0661a832a4392dc3febac0a594532c63a45e917aac061d12d32b64a74bab2463",
  "pins" : [
    {
      "identity" : "libhangul-swift",
      "kind" : "remoteSourceControl",
      "location" : "https://github.com/Meapri/libhangul-swift",
      "state" : {
        "branch" : "main",
        "revision" : "e5c658e2a873808d53acc547c3a833676930e4ec"
      }
    }
  ],
  "version" : 3
}
